
Microsoft Visual Studio Solution File, Format Version 12.00
# Visual Studio Version 16
VisualStudioVersion = 16.0.31019.35
MinimumVisualStudioVersion = 10.0.40219.1
Project("{FAE04EC0-301F-11D3-BF4B-00C04F79EFBC}") = "EnglishCheckersWinUI", "EnglishCheckers\EnglishCheckersWinUI.csproj", "{52DFEA4C-9010-4039-8736-8B19F64488B1}"
EndProject
Project("{FAE04EC0-301F-11D3-BF4B-00C04F79EFBC}") = "EnglishCheckersLogic", "EnglishCheckersLogic\EnglishCheckersLogic.csproj", "{C824F4FB-E094-4634-96EB-77C61895C317}"
EndProject
Global
	GlobalSection(SolutionConfigurationPlatforms) = preSolution
		Debug|Any CPU = Debug|Any CPU
		Release|Any CPU = Release|Any CPU
	EndGlobalSection
	GlobalSection(ProjectConfigurationPlatforms) = postSolution
		{52DFEA4C-9010-4039-8736-8B19F64488B1}.Debug|Any CPU.ActiveCfg = Debug|Any CPU
		{52DFEA4C-9010-4039-8736-8B19F64488B1}.Debug|Any CPU.Build.0 = Debug|Any CPU
		{52DFEA4C-9010-4039-8736-8B19F64488B1}.Release|Any CPU.ActiveCfg = Release|Any CPU
		{52DFEA4C-9010-4039-8736-8B19F64488B1}.Release|Any CPU.Build.0 = Release|Any CPU
		{C824F4FB-E094-4634-96EB-77C61895C317}.Debug|Any CPU.ActiveCfg = Debug|Any CPU
		{C824F4FB-E094-4634-96EB-77C61895C317}.Debug|Any CPU.Build.0 = Debug|Any CPU
		{C824F4FB-E094-4634-96EB-77C61895C317}.Release|Any CPU.ActiveCfg = Release|Any CPU
		{C824F4FB-E094-4634-96EB-77C61895C317}.Release|Any CPU.Build.0 = Release|Any CPU
	EndGlobalSection
	GlobalSection(SolutionProperties) = preSolution
		HideSolutionNode = FALSE
	EndGlobalSection
	GlobalSection(ExtensibilityGlobals) = postSolution
		SolutionGuid = {14F8DD8E-BF20-4EF1-87E1-CCC9EA6E3FD2}
	EndGlobalSection
EndGlobal
